
Microsoft Visual Studio Solution File, Format Version 12.00
# Visual Studio Version 16
VisualStudioVersion = 16.0.30011.22
MinimumVisualStudioVersion = 10.0.40219.1
Project("{FAE04EC0-301F-11D3-BF4B-00C04F79EFBC}") = "VirtualCard", "VirtualCard.csproj", "{68721FD6-54B1-4113-813C-1FF4D3202B48}"
EndProject
Global
	GlobalSection(SolutionConfigurationPlatforms) = preSolution
		Debug|Any CPU = Debug|Any CPU
		Release|Any CPU = Release|Any CPU
	EndGlobalSection
	GlobalSection(ProjectConfigurationPlatforms) = postSolution
		{68721FD6-54B1-4113-813C-1FF4D3202B48}.Debug|Any CPU.ActiveCfg = Debug|Any CPU
		{68721FD6-54B1-4113-813C-1FF4D3202B48}.Debug|Any CPU.Build.0 = Debug|Any CPU
		{68721FD6-54B1-4113-813C-1FF4D3202B48}.Release|Any CPU.ActiveCfg = Release|Any CPU
		{68721FD6-54B1-4113-813C-1FF4D3202B48}.Release|Any CPU.Build.0 = Release|Any CPU
	EndGlobalSection
	GlobalSection(SolutionProperties) = preSolution
		HideSolutionNode = FALSE
	EndGlobalSection
	GlobalSection(ExtensibilityGlobals) = postSolution
		SolutionGuid = {EF537D77-19D0-46C6-851F-1BC23340F34C}
	EndGlobalSection
EndGlobal
